
Microsoft Visual Studio Solution File, Format Version 12.00
# Visual Studio Version 16
VisualStudioVersion = 16.0.31702.278
MinimumVisualStudioVersion = 10.0.40219.1
Project("{9A19103F-16F7-4668-BE54-9A1E7A4F7556}") = "AMIS.Api", "AMIS\AMIS.Api.csproj", "{B6EA0E09-21AB-42F7-B03B-1D3C729E5F86}"
EndProject
Project("{9A19103F-16F7-4668-BE54-9A1E7A4F7556}") = "AMIS.Core", "AMIS.Core\AMIS.Core.csproj", "{BBD32F04-E1FA-4882-9356-2956D8106C79}"
EndProject
Project("{9A19103F-16F7-4668-BE54-9A1E7A4F7556}") = "AMIS.Infrastruture", "AMIS.Infrastruture\AMIS.Infrastruture.csproj", "{66877E36-CEF5-41C6-9336-1A81F41B3CF2}"
EndProject
Global
	GlobalSection(SolutionConfigurationPlatforms) = preSolution
		Debug|Any CPU = Debug|Any CPU
		Release|Any CPU = Release|Any CPU
	EndGlobalSection
	GlobalSection(ProjectConfigurationPlatforms) = postSolution
		{B6EA0E09-21AB-42F7-B03B-1D3C729E5F86}.Debug|Any CPU.ActiveCfg = Debug|Any CPU
		{B6EA0E09-21AB-42F7-B03B-1D3C729E5F86}.Debug|Any CPU.Build.0 = Debug|Any CPU
		{B6EA0E09-21AB-42F7-B03B-1D3C729E5F86}.Release|Any CPU.ActiveCfg = Release|Any CPU
		{B6EA0E09-21AB-42F7-B03B-1D3C729E5F86}.Release|Any CPU.Build.0 = Release|Any CPU
		{BBD32F04-E1FA-4882-9356-2956D8106C79}.Debug|Any CPU.ActiveCfg = Debug|Any CPU
		{BBD32F04-E1FA-4882-9356-2956D8106C79}.Debug|Any CPU.Build.0 = Debug|Any CPU
		{BBD32F04-E1FA-4882-9356-2956D8106C79}.Release|Any CPU.ActiveCfg = Release|Any CPU
		{BBD32F04-E1FA-4882-9356-2956D8106C79}.Release|Any CPU.Build.0 = Release|Any CPU
		{66877E36-CEF5-41C6-9336-1A81F41B3CF2}.Debug|Any CPU.ActiveCfg = Debug|Any CPU
		{66877E36-CEF5-41C6-9336-1A81F41B3CF2}.Debug|Any CPU.Build.0 = Debug|Any CPU
		{66877E36-CEF5-41C6-9336-1A81F41B3CF2}.Release|Any CPU.ActiveCfg = Release|Any CPU
		{66877E36-CEF5-41C6-9336-1A81F41B3CF2}.Release|Any CPU.Build.0 = Release|Any CPU
	EndGlobalSection
	GlobalSection(SolutionProperties) = preSolution
		HideSolutionNode = FALSE
	EndGlobalSection
	GlobalSection(ExtensibilityGlobals) = postSolution
		SolutionGuid = {62C1CE76-9EE6-4FF3-AD13-F3D7FF5B8B8F}
	EndGlobalSection
EndGlobal
